// !$*UTF8*$!
{
	archiveVersion = 1;
	classes = {
	};
	objectVersion = 77;
	objects = {

/* Begin PBXBuildFile section */
		4727790D2EEC012000601CED /* CalendarTestTaskApp.swift in Sources */ = {isa = PBXBuildFile; fileRef = 4727790A2EEC012000601CED /* CalendarTestTaskApp.swift */; };
		4727790F2EEC012000601CED /* Assets.xcassets in Resources */ = {isa = PBXBuildFile; fileRef = 472779092EEC012000601CED /* Assets.xcassets */; };
		472779122EEC012600601CED /* CalendarTestTaskTests.swift in Sources */ = {isa = PBXBuildFile; fileRef = 472779102EEC012600601CED /* CalendarTestTaskTests.swift */; };
		472779162EEC012900601CED /* CalendarTestTaskUITests.swift in Sources */ = {isa = PBXBuildFile; fileRef = 472779132EEC012900601CED /* CalendarTestTaskUITests.swift */; };
		472779172EEC012900601CED /* CalendarTestTaskUITestsLaunchTests.swift in Sources */ = {isa = PBXBuildFile; fileRef = 472779142EEC012900601CED /* CalendarTestTaskUITestsLaunchTests.swift */; };
		4727791A2EEC016000601CED /* Workout.swift in Sources */ = {isa = PBXBuildFile; fileRef = 472779192EEC016000601CED /* Workout.swift */; };
		4727791C2EEC019400601CED /* WorkoutMetadata.swift in Sources */ = {isa = PBXBuildFile; fileRef = 4727791B2EEC019400601CED /* WorkoutMetadata.swift */; };
		4727791E2EEC01BE00601CED /* DiagramData.swift in Sources */ = {isa = PBXBuildFile; fileRef = 4727791D2EEC01BE00601CED /* DiagramData.swift */; };
		472779212EEC01F100601CED /* APIService.swift in Sources */ = {isa = PBXBuildFile; fileRef = 472779202EEC01F100601CED /* APIService.swift */; };
		472779232EEC04F100601CED /* AppCoordinator.swift in Sources */ = {isa = PBXBuildFile; fileRef = 472779222EEC04F100601CED /* AppCoordinator.swift */; };
		472779252EEC06A300601CED /* MockDataService.swift in Sources */ = {isa = PBXBuildFile; fileRef = 472779242EEC06A300601CED /* MockDataService.swift */; };
		472779282EEC06E800601CED /* CalendarViewModel.swift in Sources */ = {isa = PBXBuildFile; fileRef = 472779272EEC06E800601CED /* CalendarViewModel.swift */; };
		4727792B2EEC078600601CED /* CalendarView.swift in Sources */ = {isa = PBXBuildFile; fileRef = 4727792A2EEC078600601CED /* CalendarView.swift */; };
		4727792E2EEC080900601CED /* CalendarHeader.swift in Sources */ = {isa = PBXBuildFile; fileRef = 4727792D2EEC080900601CED /* CalendarHeader.swift */; };
		472779302EEC083C00601CED /* CalendarGridView.swift in Sources */ = {isa = PBXBuildFile; fileRef = 4727792F2EEC083C00601CED /* CalendarGridView.swift */; };
		472779322EEC087800601CED /* CalendarDayView.swift in Sources */ = {isa = PBXBuildFile; fileRef = 472779312EEC087800601CED /* CalendarDayView.swift */; };
		472779342EEC08E900601CED /* list_workouts.json in Resources */ = {isa = PBXBuildFile; fileRef = 472779332EEC08E900601CED /* list_workouts.json */; };
		472779352EEC08E900601CED /* list_workouts.json in Resources */ = {isa = PBXBuildFile; fileRef = 472779332EEC08E900601CED /* list_workouts.json */; };
		472779362EEC08E900601CED /* list_workouts.json in Resources */ = {isa = PBXBuildFile; fileRef = 472779332EEC08E900601CED /* list_workouts.json */; };
		4727793B2EEC093600601CED /* DateFormatter.swift in Sources */ = {isa = PBXBuildFile; fileRef = 4727793A2EEC093600601CED /* DateFormatter.swift */; };
		4727793D2EEC097B00601CED /* JSONDecoder.swift in Sources */ = {isa = PBXBuildFile; fileRef = 4727793C2EEC097B00601CED /* JSONDecoder.swift */; };
		4727793F2EEC09AB00601CED /* LoadingView.swift in Sources */ = {isa = PBXBuildFile; fileRef = 4727793E2EEC09AB00601CED /* LoadingView.swift */; };
		472779432EEC0CCE00601CED /* DayEventsView.swift in Sources */ = {isa = PBXBuildFile; fileRef = 472779422EEC0CCE00601CED /* DayEventsView.swift */; };
		472779472EEC0D2F00601CED /* WorkoutDetailView.swift in Sources */ = {isa = PBXBuildFile; fileRef = 472779462EEC0D2F00601CED /* WorkoutDetailView.swift */; };
		4727794B2EEC0F5900601CED /* DayEventsViewModel.swift in Sources */ = {isa = PBXBuildFile; fileRef = 4727794A2EEC0F5900601CED /* DayEventsViewModel.swift */; };
		4727794D2EEC115100601CED /* WorkoutDetailViewModel.swift in Sources */ = {isa = PBXBuildFile; fileRef = 4727794C2EEC115100601CED /* WorkoutDetailViewModel.swift */; };
		472779522EEC12B700601CED /* metadata.json in Resources */ = {isa = PBXBuildFile; fileRef = 472779502EEC12B700601CED /* metadata.json */; };
		472779532EEC12B700601CED /* diagram_data.json in Resources */ = {isa = PBXBuildFile; fileRef = 4727794E2EEC12B700601CED /* diagram_data.json */; };
		472779552EEC12B700601CED /* metadata.json in Resources */ = {isa = PBXBuildFile; fileRef = 472779502EEC12B700601CED /* metadata.json */; };
		472779562EEC12B700601CED /* diagram_data.json in Resources */ = {isa = PBXBuildFile; fileRef = 4727794E2EEC12B700601CED /* diagram_data.json */; };
		472779582EEC12B700601CED /* metadata.json in Resources */ = {isa = PBXBuildFile; fileRef = 472779502EEC12B700601CED /* metadata.json */; };
		472779592EEC12B700601CED /* diagram_data.json in Resources */ = {isa = PBXBuildFile; fileRef = 4727794E2EEC12B700601CED /* diagram_data.json */; };
		4727795B2EEC142800601CED /* TestDataService.swift in Sources */ = {isa = PBXBuildFile; fileRef = 4727795A2EEC142800601CED /* TestDataService.swift */; };
		4727795D2EEC195400601CED /* TodayWorkoutsSection.swift in Sources */ = {isa = PBXBuildFile; fileRef = 4727795C2EEC195400601CED /* TodayWorkoutsSection.swift */; };
		472779602EEC1B8C00601CED /* PreviewHelpers.swift in Sources */ = {isa = PBXBuildFile; fileRef = 4727795F2EEC1B8C00601CED /* PreviewHelpers.swift */; };
		472779672EEC1D6900601CED /* CodableHelpers.swift in Sources */ = {isa = PBXBuildFile; fileRef = 472779662EEC1D6900601CED /* CodableHelpers.swift */; };
		472779692EEC1E7600601CED /* SimpleTestService.swift in Sources */ = {isa = PBXBuildFile; fileRef = 472779682EEC1E7600601CED /* SimpleTestService.swift */; };
		4727796B2EEC1FF300601CED /* HeartRateChartView.swift in Sources */ = {isa = PBXBuildFile; fileRef = 4727796A2EEC1FF300601CED /* HeartRateChartView.swift */; };
		4727796E2EEC205000601CED /* CalendarViewModelTests.swift in Sources */ = {isa = PBXBuildFile; fileRef = 4727796D2EEC205000601CED /* CalendarViewModelTests.swift */; };
		47742BA32EEC28980041F6F5 /* HeartRateChartIntegrationTest.swift in Sources */ = {isa = PBXBuildFile; fileRef = 47742BA22EEC28980041F6F5 /* HeartRateChartIntegrationTest.swift */; };
		479EFC1D2EF01B5100C0A9C7 /* DayWorkoutsSection.swift in Sources */ = {isa = PBXBuildFile; fileRef = 479EFC1C2EF01B5100C0A9C7 /* DayWorkoutsSection.swift */; };
		479EFC1F2EF0220B00C0A9C7 /* WorkoutCard.swift in Sources */ = {isa = PBXBuildFile; fileRef = 479EFC1E2EF0220B00C0A9C7 /* WorkoutCard.swift */; };
		479EFC212EF0323000C0A9C7 /* PreferencesView.swift in Sources */ = {isa = PBXBuildFile; fileRef = 479EFC202EF0323000C0A9C7 /* PreferencesView.swift */; };
		479EFC242EF032C300C0A9C7 /* UnderlineSermentedPickerNotOptional.swift in Sources */ = {isa = PBXBuildFile; fileRef = 479EFC232EF032C300C0A9C7 /* UnderlineSermentedPickerNotOptional.swift */; };
		47A144BA2EF03B3300D68926 /* Colors.swift in Sources */ = {isa = PBXBuildFile; fileRef = 47A144B92EF03B3300D68926 /* Colors.swift */; };
		47A144BD2EF0442F00D68926 /* LaunchView.swift in Sources */ = {isa = PBXBuildFile; fileRef = 47A144BC2EF0442F00D68926 /* LaunchView.swift */; };
		47A144BF2EF045C200D68926 /* LaunchScreen.storyboard in Resources */ = {isa = PBXBuildFile; fileRef = 47A144BE2EF045C200D68926 /* LaunchScreen.storyboard */; };
/* End PBXBuildFile section */

/* Begin PBXContainerItemProxy section */
		472778ED2EEC003E00601CED /* PBXContainerItemProxy */ = {
			isa = PBXContainerItemProxy;
			containerPortal = 472778D72EEC003900601CED /* Project object */;
			proxyType = 1;
			remoteGlobalIDString = 472778DE2EEC003900601CED;
			remoteInfo = CalendarTestTask;
		};
		472778F72EEC003E00601CED /* PBXContainerItemProxy */ = {
			isa = PBXContainerItemProxy;
			containerPortal = 472778D72EEC003900601CED /* Project object */;
			proxyType = 1;
			remoteGlobalIDString = 472778DE2EEC003900601CED;
			remoteInfo = CalendarTestTask;
		};
/* End PBXContainerItemProxy section */

/* Begin PBXFileReference section */
		472778DF2EEC003900601CED /* CalendarTestTask.app */ = {isa = PBXFileReference; explicitFileType = wrapper.application; includeInIndex = 0; path = CalendarTestTask.app; sourceTree = BUILT_PRODUCTS_DIR; };
		472778EC2EEC003E00601CED /* CalendarTestTaskTests.xctest */ = {isa = PBXFileReference; explicitFileType = wrapper.cfbundle; includeInIndex = 0; path = CalendarTestTaskTests.xctest; sourceTree = BUILT_PRODUCTS_DIR; };
		472778F62EEC003E00601CED /* CalendarTestTaskUITests.xctest */ = {isa = PBXFileReference; explicitFileType = wrapper.cfbundle; includeInIndex = 0; path = CalendarTestTaskUITests.xctest; sourceTree = BUILT_PRODUCTS_DIR; };
		472779092EEC012000601CED /* Assets.xcassets */ = {isa = PBXFileReference; lastKnownFileType = folder.assetcatalog; path = Assets.xcassets; sourceTree = "<group>"; };
		4727790A2EEC012000601CED /* CalendarTestTaskApp.swift */ = {isa = PBXFileReference; lastKnownFileType = sourcecode.swift; path = CalendarTestTaskApp.swift; sourceTree = "<group>"; };
		472779102EEC012600601CED /* CalendarTestTaskTests.swift */ = {isa = PBXFileReference; lastKnownFileType = sourcecode.swift; path = CalendarTestTaskTests.swift; sourceTree = "<group>"; };
		472779132EEC012900601CED /* CalendarTestTaskUITests.swift */ = {isa = PBXFileReference; lastKnownFileType = sourcecode.swift; path = CalendarTestTaskUITests.swift; sourceTree = "<group>"; };
		472779142EEC012900601CED /* CalendarTestTaskUITestsLaunchTests.swift */ = {isa = PBXFileReference; lastKnownFileType = sourcecode.swift; path = CalendarTestTaskUITestsLaunchTests.swift; sourceTree = "<group>"; };
		472779192EEC016000601CED /* Workout.swift */ = {isa = PBXFileReference; lastKnownFileType = sourcecode.swift; path = Workout.swift; sourceTree = "<group>"; };
		4727791B2EEC019400601CED /* WorkoutMetadata.swift */ = {isa = PBXFileReference; lastKnownFileType = sourcecode.swift; path = WorkoutMetadata.swift; sourceTree = "<group>"; };
		4727791D2EEC01BE00601CED /* DiagramData.swift */ = {isa = PBXFileReference; lastKnownFileType = sourcecode.swift; path = DiagramData.swift; sourceTree = "<group>"; };
		472779202EEC01F100601CED /* APIService.swift */ = {isa = PBXFileReference; lastKnownFileType = sourcecode.swift; path = APIService.swift; sourceTree = "<group>"; };
		472779222EEC04F100601CED /* AppCoordinator.swift */ = {isa = PBXFileReference; lastKnownFileType = sourcecode.swift; path = AppCoordinator.swift; sourceTree = "<group>"; };
		472779242EEC06A300601CED /* MockDataService.swift */ = {isa = PBXFileReference; lastKnownFileType = sourcecode.swift; path = MockDataService.swift; sourceTree = "<group>"; };
		472779272EEC06E800601CED /* CalendarViewModel.swift */ = {isa = PBXFileReference; lastKnownFileType = sourcecode.swift; path = CalendarViewModel.swift; sourceTree = "<group>"; };
		4727792A2EEC078600601CED /* CalendarView.swift */ = {isa = PBXFileReference; lastKnownFileType = sourcecode.swift; path = CalendarView.swift; sourceTree = "<group>"; };
		4727792D2EEC080900601CED /* CalendarHeader.swift */ = {isa = PBXFileReference; lastKnownFileType = sourcecode.swift; path = CalendarHeader.swift; sourceTree = "<group>"; };
		4727792F2EEC083C00601CED /* CalendarGridView.swift */ = {isa = PBXFileReference; lastKnownFileType = sourcecode.swift; path = CalendarGridView.swift; sourceTree = "<group>"; };
		472779312EEC087800601CED /* CalendarDayView.swift */ = {isa = PBXFileReference; lastKnownFileType = sourcecode.swift; path = CalendarDayView.swift; sourceTree = "<group>"; };
		472779332EEC08E900601CED /* list_workouts.json */ = {isa = PBXFileReference; lastKnownFileType = text.json; path = list_workouts.json; sourceTree = "<group>"; };
		4727793A2EEC093600601CED /* DateFormatter.swift */ = {isa = PBXFileReference; lastKnownFileType = sourcecode.swift; path = DateFormatter.swift; sourceTree = "<group>"; };
		4727793C2EEC097B00601CED /* JSONDecoder.swift */ = {isa = PBXFileReference; lastKnownFileType = sourcecode.swift; path = JSONDecoder.swift; sourceTree = "<group>"; };
		4727793E2EEC09AB00601CED /* LoadingView.swift */ = {isa = PBXFileReference; lastKnownFileType = sourcecode.swift; path = LoadingView.swift; sourceTree = "<group>"; };
		472779422EEC0CCE00601CED /* DayEventsView.swift */ = {isa = PBXFileReference; lastKnownFileType = sourcecode.swift; path = DayEventsView.swift; sourceTree = "<group>"; };
		472779462EEC0D2F00601CED /* WorkoutDetailView.swift */ = {isa = PBXFileReference; lastKnownFileType = sourcecode.swift; path = WorkoutDetailView.swift; sourceTree = "<group>"; };
		4727794A2EEC0F5900601CED /* DayEventsViewModel.swift */ = {isa = PBXFileReference; lastKnownFileType = sourcecode.swift; path = DayEventsViewModel.swift; sourceTree = "<group>"; };
		4727794C2EEC115100601CED /* WorkoutDetailViewModel.swift */ = {isa = PBXFileReference; lastKnownFileType = sourcecode.swift; path = WorkoutDetailViewModel.swift; sourceTree = "<group>"; };
		4727794E2EEC12B700601CED /* diagram_data.json */ = {isa = PBXFileReference; lastKnownFileType = text.json; path = diagram_data.json; sourceTree = "<group>"; };
		472779502EEC12B700601CED /* metadata.json */ = {isa = PBXFileReference; lastKnownFileType = text.json; path = metadata.json; sourceTree = "<group>"; };
		4727795A2EEC142800601CED /* TestDataService.swift */ = {isa = PBXFileReference; lastKnownFileType = sourcecode.swift; path = TestDataService.swift; sourceTree = "<group>"; };
		4727795C2EEC195400601CED /* TodayWorkoutsSection.swift */ = {isa = PBXFileReference; lastKnownFileType = sourcecode.swift; path = TodayWorkoutsSection.swift; sourceTree = "<group>"; };
		4727795F2EEC1B8C00601CED /* PreviewHelpers.swift */ = {isa = PBXFileReference; lastKnownFileType = sourcecode.swift; path = PreviewHelpers.swift; sourceTree = "<group>"; };
		472779662EEC1D6900601CED /* CodableHelpers.swift */ = {isa = PBXFileReference; lastKnownFileType = sourcecode.swift; path = CodableHelpers.swift; sourceTree = "<group>"; };
		472779682EEC1E7600601CED /* SimpleTestService.swift */ = {isa = PBXFileReference; lastKnownFileType = sourcecode.swift; path = SimpleTestService.swift; sourceTree = "<group>"; };
		4727796A2EEC1FF300601CED /* HeartRateChartView.swift */ = {isa = PBXFileReference; lastKnownFileType = sourcecode.swift; path = HeartRateChartView.swift; sourceTree = "<group>"; };
		4727796D2EEC205000601CED /* CalendarViewModelTests.swift */ = {isa = PBXFileReference; lastKnownFileType = sourcecode.swift; path = CalendarViewModelTests.swift; sourceTree = "<group>"; };
		47742BA22EEC28980041F6F5 /* HeartRateChartIntegrationTest.swift */ = {isa = PBXFileReference; lastKnownFileType = sourcecode.swift; path = HeartRateChartIntegrationTest.swift; sourceTree = "<group>"; };
		479EFC1C2EF01B5100C0A9C7 /* DayWorkoutsSection.swift */ = {isa = PBXFileReference; lastKnownFileType = sourcecode.swift; path = DayWorkoutsSection.swift; sourceTree = "<group>"; };
		479EFC1E2EF0220B00C0A9C7 /* WorkoutCard.swift */ = {isa = PBXFileReference; lastKnownFileType = sourcecode.swift; path = WorkoutCard.swift; sourceTree = "<group>"; };
		479EFC202EF0323000C0A9C7 /* PreferencesView.swift */ = {isa = PBXFileReference; lastKnownFileType = sourcecode.swift; path = PreferencesView.swift; sourceTree = "<group>"; };
		479EFC232EF032C300C0A9C7 /* UnderlineSermentedPickerNotOptional.swift */ = {isa = PBXFileReference; lastKnownFileType = sourcecode.swift; path = UnderlineSermentedPickerNotOptional.swift; sourceTree = "<group>"; };
		47A144B92EF03B3300D68926 /* Colors.swift */ = {isa = PBXFileReference; lastKnownFileType = sourcecode.swift; path = Colors.swift; sourceTree = "<group>"; };
		47A144BC2EF0442F00D68926 /* LaunchView.swift */ = {isa = PBXFileReference; lastKnownFileType = sourcecode.swift; path = LaunchView.swift; sourceTree = "<group>"; };
		47A144BE2EF045C200D68926 /* LaunchScreen.storyboard */ = {isa = PBXFileReference; lastKnownFileType = file.storyboard; path = LaunchScreen.storyboard; sourceTree = "<group>"; };
		47A144C02EF047AE00D68926 /* Info.plist */ = {isa = PBXFileReference; lastKnownFileType = text.plist; path = Info.plist; sourceTree = "<group>"; };
/* End PBXFileReference section */

/* Begin PBXFrameworksBuildPhase section */
		472778DC2EEC003900601CED /* Frameworks */ = {
			isa = PBXFrameworksBuildPhase;
			buildActionMask = 2147483647;
			files = (
			);
			runOnlyForDeploymentPostprocessing = 0;
		};
		472778E92EEC003E00601CED /* Frameworks */ = {
			isa = PBXFrameworksBuildPhase;
			buildActionMask = 2147483647;
			files = (
			);
			runOnlyForDeploymentPostprocessing = 0;
		};
		472778F32EEC003E00601CED /* Frameworks */ = {
			isa = PBXFrameworksBuildPhase;
			buildActionMask = 2147483647;
			files = (
			);
			runOnlyForDeploymentPostprocessing = 0;
		};
/* End PBXFrameworksBuildPhase section */

/* Begin PBXGroup section */
		472778D62EEC003900601CED = {
			isa = PBXGroup;
			children = (
				4727790C2EEC012000601CED /* CalendarTestTask */,
				472779112EEC012600601CED /* CalendarTestTaskTests */,
				472779152EEC012900601CED /* CalendarTestTaskUITests */,
				472778E02EEC003900601CED /* Products */,
			);
			sourceTree = "<group>";
		};
		472778E02EEC003900601CED /* Products */ = {
			isa = PBXGroup;
			children = (
				472778DF2EEC003900601CED /* CalendarTestTask.app */,
				472778EC2EEC003E00601CED /* CalendarTestTaskTests.xctest */,
				472778F62EEC003E00601CED /* CalendarTestTaskUITests.xctest */,
			);
			name = Products;
			sourceTree = "<group>";
		};
		4727790C2EEC012000601CED /* CalendarTestTask */ = {
			isa = PBXGroup;
			children = (
				47A144C02EF047AE00D68926 /* Info.plist */,
				4727790A2EEC012000601CED /* CalendarTestTaskApp.swift */,
				472779652EEC1D5500601CED /* Utilities */,
				4727795E2EEC1B7000601CED /* PreviewHelpers */,
				472779492EEC0E9D00601CED /* App */,
				472779372EEC090B00601CED /* Extensions */,
				4727791F2EEC01D900601CED /* Services */,
				472779182EEC012E00601CED /* Models */,
				472779262EEC06C000601CED /* ViewModels */,
				472779292EEC076300601CED /* Views */,
				472779092EEC012000601CED /* Assets.xcassets */,
				4727794E2EEC12B700601CED /* diagram_data.json */,
				472779502EEC12B700601CED /* metadata.json */,
				472779332EEC08E900601CED /* list_workouts.json */,
			);
			path = CalendarTestTask;
			sourceTree = "<group>";
		};
		472779112EEC012600601CED /* CalendarTestTaskTests */ = {
			isa = PBXGroup;
			children = (
				472779102EEC012600601CED /* CalendarTestTaskTests.swift */,
				4727796D2EEC205000601CED /* CalendarViewModelTests.swift */,
				47742BA22EEC28980041F6F5 /* HeartRateChartIntegrationTest.swift */,
			);
			path = CalendarTestTaskTests;
			sourceTree = "<group>";
		};
		472779152EEC012900601CED /* CalendarTestTaskUITests */ = {
			isa = PBXGroup;
			children = (
				472779132EEC012900601CED /* CalendarTestTaskUITests.swift */,
				472779142EEC012900601CED /* CalendarTestTaskUITestsLaunchTests.swift */,
			);
			path = CalendarTestTaskUITests;
			sourceTree = "<group>";
		};
		472779182EEC012E00601CED /* Models */ = {
			isa = PBXGroup;
			children = (
				472779192EEC016000601CED /* Workout.swift */,
				4727791B2EEC019400601CED /* WorkoutMetadata.swift */,
				4727791D2EEC01BE00601CED /* DiagramData.swift */,
			);
			path = Models;
			sourceTree = "<group>";
		};
		4727791F2EEC01D900601CED /* Services */ = {
			isa = PBXGroup;
			children = (
				472779202EEC01F100601CED /* APIService.swift */,
				472779242EEC06A300601CED /* MockDataService.swift */,
				4727795A2EEC142800601CED /* TestDataService.swift */,
				472779682EEC1E7600601CED /* SimpleTestService.swift */,
			);
			path = Services;
			sourceTree = "<group>";
		};
		472779262EEC06C000601CED /* ViewModels */ = {
			isa = PBXGroup;
			children = (
				472779272EEC06E800601CED /* CalendarViewModel.swift */,
				4727794A2EEC0F5900601CED /* DayEventsViewModel.swift */,
				4727794C2EEC115100601CED /* WorkoutDetailViewModel.swift */,
			);
			path = ViewModels;
			sourceTree = "<group>";
		};
		472779292EEC076300601CED /* Views */ = {
			isa = PBXGroup;
			children = (
				4727792A2EEC078600601CED /* CalendarView.swift */,
				472779422EEC0CCE00601CED /* DayEventsView.swift */,
				472779462EEC0D2F00601CED /* WorkoutDetailView.swift */,
				472779482EEC0E4100601CED /* Calendar */,
				4727792C2EEC07E700601CED /* Components */,
				479EFC222EF0323D00C0A9C7 /* Preferences */,
				47A144BB2EF0440D00D68926 /* Launch */,
			);
			path = Views;
			sourceTree = "<group>";
		};
		4727792C2EEC07E700601CED /* Components */ = {
			isa = PBXGroup;
			children = (
				4727792D2EEC080900601CED /* CalendarHeader.swift */,
				4727793E2EEC09AB00601CED /* LoadingView.swift */,
				4727796A2EEC1FF300601CED /* HeartRateChartView.swift */,
				479EFC1C2EF01B5100C0A9C7 /* DayWorkoutsSection.swift */,
				479EFC1E2EF0220B00C0A9C7 /* WorkoutCard.swift */,
			);
			path = Components;
			sourceTree = "<group>";
		};
		472779372EEC090B00601CED /* Extensions */ = {
			isa = PBXGroup;
			children = (
				4727793A2EEC093600601CED /* DateFormatter.swift */,
				4727793C2EEC097B00601CED /* JSONDecoder.swift */,
				47A144B92EF03B3300D68926 /* Colors.swift */,
			);
			path = Extensions;
			sourceTree = "<group>";
		};
		472779482EEC0E4100601CED /* Calendar */ = {
			isa = PBXGroup;
			children = (
				4727792F2EEC083C00601CED /* CalendarGridView.swift */,
				472779312EEC087800601CED /* CalendarDayView.swift */,
				4727795C2EEC195400601CED /* TodayWorkoutsSection.swift */,
			);
			path = Calendar;
			sourceTree = "<group>";
		};
		472779492EEC0E9D00601CED /* App */ = {
			isa = PBXGroup;
			children = (
				472779222EEC04F100601CED /* AppCoordinator.swift */,
			);
			path = App;
			sourceTree = "<group>";
		};
		4727795E2EEC1B7000601CED /* PreviewHelpers */ = {
			isa = PBXGroup;
			children = (
				4727795F2EEC1B8C00601CED /* PreviewHelpers.swift */,
			);
			path = PreviewHelpers;
			sourceTree = "<group>";
		};
		472779652EEC1D5500601CED /* Utilities */ = {
			isa = PBXGroup;
			children = (
				472779662EEC1D6900601CED /* CodableHelpers.swift */,
			);
			path = Utilities;
			sourceTree = "<group>";
		};
		479EFC222EF0323D00C0A9C7 /* Preferences */ = {
			isa = PBXGroup;
			children = (
				479EFC202EF0323000C0A9C7 /* PreferencesView.swift */,
				479EFC232EF032C300C0A9C7 /* UnderlineSermentedPickerNotOptional.swift */,
			);
			path = Preferences;
			sourceTree = "<group>";
		};
		47A144BB2EF0440D00D68926 /* Launch */ = {
			isa = PBXGroup;
			children = (
				47A144BC2EF0442F00D68926 /* LaunchView.swift */,
				47A144BE2EF045C200D68926 /* LaunchScreen.storyboard */,
			);
			path = Launch;
			sourceTree = "<group>";
		};
/* End PBXGroup section */

/* Begin PBXNativeTarget section */
		472778DE2EEC003900601CED /* CalendarTestTask */ = {
			isa = PBXNativeTarget;
			buildConfigurationList = 472779002EEC003E00601CED /* Build configuration list for PBXNativeTarget "CalendarTestTask" */;
			buildPhases = (
				472778DB2EEC003900601CED /* Sources */,
				472778DC2EEC003900601CED /* Frameworks */,
				472778DD2EEC003900601CED /* Resources */,
			);
			buildRules = (
			);
			dependencies = (
			);
			name = CalendarTestTask;
			packageProductDependencies = (
			);
			productName = CalendarTestTask;
			productReference = 472778DF2EEC003900601CED /* CalendarTestTask.app */;
			productType = "com.apple.product-type.application";
		};
		472778EB2EEC003E00601CED /* CalendarTestTaskTests */ = {
			isa = PBXNativeTarget;
			buildConfigurationList = 472779032EEC003E00601CED /* Build configuration list for PBXNativeTarget "CalendarTestTaskTests" */;
			buildPhases = (
				472778E82EEC003E00601CED /* Sources */,
				472778E92EEC003E00601CED /* Frameworks */,
				472778EA2EEC003E00601CED /* Resources */,
			);
			buildRules = (
			);
			dependencies = (
				472778EE2EEC003E00601CED /* PBXTargetDependency */,
			);
			name = CalendarTestTaskTests;
			packageProductDependencies = (
			);
			productName = CalendarTestTaskTests;
			productReference = 472778EC2EEC003E00601CED /* CalendarTestTaskTests.xctest */;
			productType = "com.apple.product-type.bundle.unit-test";
		};
		472778F52EEC003E00601CED /* CalendarTestTaskUITests */ = {
			isa = PBXNativeTarget;
			buildConfigurationList = 472779062EEC003E00601CED /* Build configuration list for PBXNativeTarget "CalendarTestTaskUITests" */;
			buildPhases = (
				472778F22EEC003E00601CED /* Sources */,
				472778F32EEC003E00601CED /* Frameworks */,
				472778F42EEC003E00601CED /* Resources */,
			);
			buildRules = (
			);
			dependencies = (
				472778F82EEC003E00601CED /* PBXTargetDependency */,
			);
			name = CalendarTestTaskUITests;
			packageProductDependencies = (
			);
			productName = CalendarTestTaskUITests;
			productReference = 472778F62EEC003E00601CED /* CalendarTestTaskUITests.xctest */;
			productType = "com.apple.product-type.bundle.ui-testing";
		};
/* End PBXNativeTarget section */

/* Begin PBXProject section */
		472778D72EEC003900601CED /* Project object */ = {
			isa = PBXProject;
			attributes = {
				BuildIndependentTargetsInParallel = 1;
				LastSwiftUpdateCheck = 2610;
				LastUpgradeCheck = 2610;
				TargetAttributes = {
					472778DE2EEC003900601CED = {
						CreatedOnToolsVersion = 26.1.1;
					};
					472778EB2EEC003E00601CED = {
						CreatedOnToolsVersion = 26.1.1;
						TestTargetID = 472778DE2EEC003900601CED;
					};
					472778F52EEC003E00601CED = {
						CreatedOnToolsVersion = 26.1.1;
						TestTargetID = 472778DE2EEC003900601CED;
					};
				};
			};
			buildConfigurationList = 472778DA2EEC003900601CED /* Build configuration list for PBXProject "CalendarTestTask" */;
			developmentRegion = en;
			hasScannedForEncodings = 0;
			knownRegions = (
				en,
				Base,
			);
			mainGroup = 472778D62EEC003900601CED;
			minimizedProjectReferenceProxies = 1;
			preferredProjectObjectVersion = 77;
			productRefGroup = 472778E02EEC003900601CED /* Products */;
			projectDirPath = "";
			projectRoot = "";
			targets = (
				472778DE2EEC003900601CED /* CalendarTestTask */,
				472778EB2EEC003E00601CED /* CalendarTestTaskTests */,
				472778F52EEC003E00601CED /* CalendarTestTaskUITests */,
			);
		};
/* End PBXProject section */

/* Begin PBXResourcesBuildPhase section */
		472778DD2EEC003900601CED /* Resources */ = {
			isa = PBXResourcesBuildPhase;
			buildActionMask = 2147483647;
			files = (
				4727790F2EEC012000601CED /* Assets.xcassets in Resources */,
				472779362EEC08E900601CED /* list_workouts.json in Resources */,
				472779582EEC12B700601CED /* metadata.json in Resources */,
				47A144BF2EF045C200D68926 /* LaunchScreen.storyboard in Resources */,
				472779592EEC12B700601CED /* diagram_data.json in Resources */,
			);
			runOnlyForDeploymentPostprocessing = 0;
		};
		472778EA2EEC003E00601CED /* Resources */ = {
			isa = PBXResourcesBuildPhase;
			buildActionMask = 2147483647;
			files = (
				472779522EEC12B700601CED /* metadata.json in Resources */,
				472779532EEC12B700601CED /* diagram_data.json in Resources */,
				472779342EEC08E900601CED /* list_workouts.json in Resources */,
			);
			runOnlyForDeploymentPostprocessing = 0;
		};
		472778F42EEC003E00601CED /* Resources */ = {
			isa = PBXResourcesBuildPhase;
			buildActionMask = 2147483647;
			files = (
				472779552EEC12B700601CED /* metadata.json in Resources */,
				472779562EEC12B700601CED /* diagram_data.json in Resources */,
				472779352EEC08E900601CED /* list_workouts.json in Resources */,
			);
			runOnlyForDeploymentPostprocessing = 0;
		};
/* End PBXResourcesBuildPhase section */

/* Begin PBXSourcesBuildPhase section */
		472778DB2EEC003900601CED /* Sources */ = {
			isa = PBXSourcesBuildPhase;
			buildActionMask = 2147483647;
			files = (
				472779432EEC0CCE00601CED /* DayEventsView.swift in Sources */,
				47A144BA2EF03B3300D68926 /* Colors.swift in Sources */,
				4727795B2EEC142800601CED /* TestDataService.swift in Sources */,
				472779602EEC1B8C00601CED /* PreviewHelpers.swift in Sources */,
				472779472EEC0D2F00601CED /* WorkoutDetailView.swift in Sources */,
				4727792E2EEC080900601CED /* CalendarHeader.swift in Sources */,
				47A144BD2EF0442F00D68926 /* LaunchView.swift in Sources */,
				472779322EEC087800601CED /* CalendarDayView.swift in Sources */,
				4727795D2EEC195400601CED /* TodayWorkoutsSection.swift in Sources */,
				4727792B2EEC078600601CED /* CalendarView.swift in Sources */,
				4727794D2EEC115100601CED /* WorkoutDetailViewModel.swift in Sources */,
				472779212EEC01F100601CED /* APIService.swift in Sources */,
				479EFC242EF032C300C0A9C7 /* UnderlineSermentedPickerNotOptional.swift in Sources */,
				4727796B2EEC1FF300601CED /* HeartRateChartView.swift in Sources */,
				4727791C2EEC019400601CED /* WorkoutMetadata.swift in Sources */,
				4727793F2EEC09AB00601CED /* LoadingView.swift in Sources */,
				479EFC212EF0323000C0A9C7 /* PreferencesView.swift in Sources */,
				4727790D2EEC012000601CED /* CalendarTestTaskApp.swift in Sources */,
				4727791E2EEC01BE00601CED /* DiagramData.swift in Sources */,
				4727793B2EEC093600601CED /* DateFormatter.swift in Sources */,
				472779252EEC06A300601CED /* MockDataService.swift in Sources */,
				472779692EEC1E7600601CED /* SimpleTestService.swift in Sources */,
				472779302EEC083C00601CED /* CalendarGridView.swift in Sources */,
				472779282EEC06E800601CED /* CalendarViewModel.swift in Sources */,
				4727793D2EEC097B00601CED /* JSONDecoder.swift in Sources */,
				472779672EEC1D6900601CED /* CodableHelpers.swift in Sources */,
				4727791A2EEC016000601CED /* Workout.swift in Sources */,
				4727794B2EEC0F5900601CED /* DayEventsViewModel.swift in Sources */,
				472779232EEC04F100601CED /* AppCoordinator.swift in Sources */,
				479EFC1D2EF01B5100C0A9C7 /* DayWorkoutsSection.swift in Sources */,
				479EFC1F2EF0220B00C0A9C7 /* WorkoutCard.swift in Sources */,
			);
			runOnlyForDeploymentPostprocessing = 0;
		};
		472778E82EEC003E00601CED /* Sources */ = {
			isa = PBXSourcesBuildPhase;
			buildActionMask = 2147483647;
			files = (
				4727796E2EEC205000601CED /* CalendarViewModelTests.swift in Sources */,
				47742BA32EEC28980041F6F5 /* HeartRateChartIntegrationTest.swift in Sources */,
				472779122EEC012600601CED /* CalendarTestTaskTests.swift in Sources */,
			);
			runOnlyForDeploymentPostprocessing = 0;
		};
		472778F22EEC003E00601CED /* Sources */ = {
			isa = PBXSourcesBuildPhase;
			buildActionMask = 2147483647;
			files = (
				472779162EEC012900601CED /* CalendarTestTaskUITests.swift in Sources */,
				472779172EEC012900601CED /* CalendarTestTaskUITestsLaunchTests.swift in Sources */,
			);
			runOnlyForDeploymentPostprocessing = 0;
		};
/* End PBXSourcesBuildPhase section */

/* Begin PBXTargetDependency section */
		472778EE2EEC003E00601CED /* PBXTargetDependency */ = {
			isa = PBXTargetDependency;
			target = 472778DE2EEC003900601CED /* CalendarTestTask */;
			targetProxy = 472778ED2EEC003E00601CED /* PBXContainerItemProxy */;
		};
		472778F82EEC003E00601CED /* PBXTargetDependency */ = {
			isa = PBXTargetDependency;
			target = 472778DE2EEC003900601CED /* CalendarTestTask */;
			targetProxy = 472778F72EEC003E00601CED /* PBXContainerItemProxy */;
		};
/* End PBXTargetDependency section */

/* Begin XCBuildConfiguration section */
		472778FE2EEC003E00601CED /* Debug */ = {
			isa = XCBuildConfiguration;
			buildSettings = {
				ALWAYS_SEARCH_USER_PATHS = NO;
				ASSETCATALOG_COMPILER_GENERATE_SWIFT_ASSET_SYMBOL_EXTENSIONS = YES;
				CLANG_ANALYZER_NONNULL = YES;
				CLANG_ANALYZER_NUMBER_OBJECT_CONVERSION = YES_AGGRESSIVE;
				CLANG_CXX_LANGUAGE_STANDARD = "gnu++20";
				CLANG_ENABLE_MODULES = YES;
				CLANG_ENABLE_OBJC_ARC = YES;
				CLANG_ENABLE_OBJC_WEAK = YES;
				CLANG_WARN_BLOCK_CAPTURE_AUTORELEASING = YES;
				CLANG_WARN_BOOL_CONVERSION = YES;
				CLANG_WARN_COMMA = YES;
				CLANG_WARN_CONSTANT_CONVERSION = YES;
				CLANG_WARN_DEPRECATED_OBJC_IMPLEMENTATIONS = YES;
				CLANG_WARN_DIRECT_OBJC_ISA_USAGE = YES_ERROR;
				CLANG_WARN_DOCUMENTATION_COMMENTS = YES;
				CLANG_WARN_EMPTY_BODY = YES;
				CLANG_WARN_ENUM_CONVERSION = YES;
				CLANG_WARN_INFINITE_RECURSION = YES;
				CLANG_WARN_INT_CONVERSION = YES;
				CLANG_WARN_NON_LITERAL_NULL_CONVERSION = YES;
				CLANG_WARN_OBJC_IMPLICIT_RETAIN_SELF = YES;
				CLANG_WARN_OBJC_LITERAL_CONVERSION = YES;
				CLANG_WARN_OBJC_ROOT_CLASS = YES_ERROR;
				CLANG_WARN_QUOTED_INCLUDE_IN_FRAMEWORK_HEADER = YES;
				CLANG_WARN_RANGE_LOOP_ANALYSIS = YES;
				CLANG_WARN_STRICT_PROTOTYPES = YES;
				CLANG_WARN_SUSPICIOUS_MOVE = YES;
				CLANG_WARN_UNGUARDED_AVAILABILITY = YES_AGGRESSIVE;
				CLANG_WARN_UNREACHABLE_CODE = YES;
				CLANG_WARN__DUPLICATE_METHOD_MATCH = YES;
				COPY_PHASE_STRIP = NO;
				DEBUG_INFORMATION_FORMAT = dwarf;
				DEVELOPMENT_TEAM = USBAK5HKC6;
				ENABLE_STRICT_OBJC_MSGSEND = YES;
				ENABLE_TESTABILITY = YES;
				ENABLE_USER_SCRIPT_SANDBOXING = YES;
				GCC_C_LANGUAGE_STANDARD = gnu17;
				GCC_DYNAMIC_NO_PIC = NO;
				GCC_NO_COMMON_BLOCKS = YES;
				GCC_OPTIMIZATION_LEVEL = 0;
				GCC_PREPROCESSOR_DEFINITIONS = (
					"DEBUG=1",
					"$(inherited)",
				);
				GCC_WARN_64_TO_32_BIT_CONVERSION = YES;
				GCC_WARN_ABOUT_RETURN_TYPE = YES_ERROR;
				GCC_WARN_UNDECLARED_SELECTOR = YES;
				GCC_WARN_UNINITIALIZED_AUTOS = YES_AGGRESSIVE;
				GCC_WARN_UNUSED_FUNCTION = YES;
				GCC_WARN_UNUSED_VARIABLE = YES;
				IPHONEOS_DEPLOYMENT_TARGET = 26.1;
				LOCALIZATION_PREFERS_STRING_CATALOGS = YES;
				MTL_ENABLE_DEBUG_INFO = INCLUDE_SOURCE;
				MTL_FAST_MATH = YES;
				ONLY_ACTIVE_ARCH = YES;
				SDKROOT = iphoneos;
				SWIFT_ACTIVE_COMPILATION_CONDITIONS = "DEBUG $(inherited)";
				SWIFT_OPTIMIZATION_LEVEL = "-Onone";
			};
			name = Debug;
		};
		472778FF2EEC003E00601CED /* Release */ = {
			isa = XCBuildConfiguration;
			buildSettings = {
				ALWAYS_SEARCH_USER_PATHS = NO;
				ASSETCATALOG_COMPILER_GENERATE_SWIFT_ASSET_SYMBOL_EXTENSIONS = YES;
				CLANG_ANALYZER_NONNULL = YES;
				CLANG_ANALYZER_NUMBER_OBJECT_CONVERSION = YES_AGGRESSIVE;
				CLANG_CXX_LANGUAGE_STANDARD = "gnu++20";
				CLANG_ENABLE_MODULES = YES;
				CLANG_ENABLE_OBJC_ARC = YES;
				CLANG_ENABLE_OBJC_WEAK = YES;
				CLANG_WARN_BLOCK_CAPTURE_AUTORELEASING = YES;
				CLANG_WARN_BOOL_CONVERSION = YES;
				CLANG_WARN_COMMA = YES;
				CLANG_WARN_CONSTANT_CONVERSION = YES;
				CLANG_WARN_DEPRECATED_OBJC_IMPLEMENTATIONS = YES;
				CLANG_WARN_DIRECT_OBJC_ISA_USAGE = YES_ERROR;
				CLANG_WARN_DOCUMENTATION_COMMENTS = YES;
				CLANG_WARN_EMPTY_BODY = YES;
				CLANG_WARN_ENUM_CONVERSION = YES;
				CLANG_WARN_INFINITE_RECURSION = YES;
				CLANG_WARN_INT_CONVERSION = YES;
				CLANG_WARN_NON_LITERAL_NULL_CONVERSION = YES;
				CLANG_WARN_OBJC_IMPLICIT_RETAIN_SELF = YES;
				CLANG_WARN_OBJC_LITERAL_CONVERSION = YES;
				CLANG_WARN_OBJC_ROOT_CLASS = YES_ERROR;
				CLANG_WARN_QUOTED_INCLUDE_IN_FRAMEWORK_HEADER = YES;
				CLANG_WARN_RANGE_LOOP_ANALYSIS = YES;
				CLANG_WARN_STRICT_PROTOTYPES = YES;
				CLANG_WARN_SUSPICIOUS_MOVE = YES;
				CLANG_WARN_UNGUARDED_AVAILABILITY = YES_AGGRESSIVE;
				CLANG_WARN_UNREACHABLE_CODE = YES;
				CLANG_WARN__DUPLICATE_METHOD_MATCH = YES;
				COPY_PHASE_STRIP = NO;
				DEBUG_INFORMATION_FORMAT = "dwarf-with-dsym";
				DEVELOPMENT_TEAM = USBAK5HKC6;
				ENABLE_NS_ASSERTIONS = NO;
				ENABLE_STRICT_OBJC_MSGSEND = YES;
				ENABLE_USER_SCRIPT_SANDBOXING = YES;
				GCC_C_LANGUAGE_STANDARD = gnu17;
				GCC_NO_COMMON_BLOCKS = YES;
				GCC_WARN_64_TO_32_BIT_CONVERSION = YES;
				GCC_WARN_ABOUT_RETURN_TYPE = YES_ERROR;
				GCC_WARN_UNDECLARED_SELECTOR = YES;
				GCC_WARN_UNINITIALIZED_AUTOS = YES_AGGRESSIVE;
				GCC_WARN_UNUSED_FUNCTION = YES;
				GCC_WARN_UNUSED_VARIABLE = YES;
				IPHONEOS_DEPLOYMENT_TARGET = 26.1;
				LOCALIZATION_PREFERS_STRING_CATALOGS = YES;
				MTL_ENABLE_DEBUG_INFO = NO;
				MTL_FAST_MATH = YES;
				SDKROOT = iphoneos;
				SWIFT_COMPILATION_MODE = wholemodule;
				VALIDATE_PRODUCT = YES;
			};
			name = Release;
		};
		472779012EEC003E00601CED /* Debug */ = {
			isa = XCBuildConfiguration;
			buildSettings = {
				ASSETCATALOG_COMPILER_APPICON_NAME = AppIcon;
				ASSETCATALOG_COMPILER_GLOBAL_ACCENT_COLOR_NAME = AccentColor;
				ASSETCATALOG_COMPILER_INCLUDE_ALL_APPICON_ASSETS = NO;
				CODE_SIGN_STYLE = Automatic;
				CURRENT_PROJECT_VERSION = 1;
				DEVELOPMENT_TEAM = USBAK5HKC6;
				ENABLE_PREVIEWS = YES;
				GENERATE_INFOPLIST_FILE = YES;
				INFOPLIST_FILE = CalendarTestTask/Info.plist;
				INFOPLIST_KEY_CFBundleDisplayName = "My Workouts";
				INFOPLIST_KEY_UIApplicationSceneManifest_Generation = YES;
				INFOPLIST_KEY_UIApplicationSupportsIndirectInputEvents = YES;
				INFOPLIST_KEY_UILaunchStoryboardName = LaunchScreen.storyboard;
				INFOPLIST_KEY_UISupportedInterfaceOrientations = UIInterfaceOrientationPortrait;
				INFOPLIST_KEY_UISupportedInterfaceOrientations_iPad = "UIInterfaceOrientationLandscapeLeft UIInterfaceOrientationLandscapeRight UIInterfaceOrientationPortrait UIInterfaceOrientationPortraitUpsideDown";
				IPHONEOS_DEPLOYMENT_TARGET = 18.6;
				LD_RUNPATH_SEARCH_PATHS = (
					"$(inherited)",
					"@executable_path/Frameworks",
				);
				MARKETING_VERSION = 1.0;
				PRODUCT_BUNDLE_IDENTIFIER = PELSH.CalendarTestTask;
				PRODUCT_NAME = "$(TARGET_NAME)";
				STRING_CATALOG_GENERATE_SYMBOLS = YES;
				SUPPORTED_PLATFORMS = "iphoneos iphonesimulator";
				SUPPORTS_MACCATALYST = NO;
				SUPPORTS_MAC_DESIGNED_FOR_IPHONE_IPAD = NO;
				SUPPORTS_XR_DESIGNED_FOR_IPHONE_IPAD = NO;
				SWIFT_APPROACHABLE_CONCURRENCY = YES;
				SWIFT_DEFAULT_ACTOR_ISOLATION = MainActor;
				SWIFT_EMIT_LOC_STRINGS = YES;
				SWIFT_UPCOMING_FEATURE_MEMBER_IMPORT_VISIBILITY = YES;
				SWIFT_VERSION = 5.0;
				TARGETED_DEVICE_FAMILY = 1;
			};
			name = Debug;
		};
		472779022EEC003E00601CED /* Release */ = {
			isa = XCBuildConfiguration;
			buildSettings = {
				ASSETCATALOG_COMPILER_APPICON_NAME = AppIcon;
				ASSETCATALOG_COMPILER_GLOBAL_ACCENT_COLOR_NAME = AccentColor;
				ASSETCATALOG_COMPILER_INCLUDE_ALL_APPICON_ASSETS = NO;
				CODE_SIGN_STYLE = Automatic;
				CURRENT_PROJECT_VERSION = 1;
				DEVELOPMENT_TEAM = USBAK5HKC6;
				ENABLE_PREVIEWS = YES;
				GENERATE_INFOPLIST_FILE = YES;
				INFOPLIST_FILE = CalendarTestTask/Info.plist;
				INFOPLIST_KEY_CFBundleDisplayName = "My Workouts";
				INFOPLIST_KEY_UIApplicationSceneManifest_Generation = YES;
				INFOPLIST_KEY_UIApplicationSupportsIndirectInputEvents = YES;
				INFOPLIST_KEY_UILaunchStoryboardName = LaunchScreen.storyboard;
				INFOPLIST_KEY_UISupportedInterfaceOrientations = UIInterfaceOrientationPortrait;
				INFOPLIST_KEY_UISupportedInterfaceOrientations_iPad = "UIInterfaceOrientationLandscapeLeft UIInterfaceOrientationLandscapeRight UIInterfaceOrientationPortrait UIInterfaceOrientationPortraitUpsideDown";
				IPHONEOS_DEPLOYMENT_TARGET = 18.6;
				LD_RUNPATH_SEARCH_PATHS = (
					"$(inherited)",
					"@executable_path/Frameworks",
				);
				MARKETING_VERSION = 1.0;
				PRODUCT_BUNDLE_IDENTIFIER = PELSH.CalendarTestTask;
				PRODUCT_NAME = "$(TARGET_NAME)";
				STRING_CATALOG_GENERATE_SYMBOLS = YES;
				SUPPORTED_PLATFORMS = "iphoneos iphonesimulator";
				SUPPORTS_MACCATALYST = NO;
				SUPPORTS_MAC_DESIGNED_FOR_IPHONE_IPAD = NO;
				SUPPORTS_XR_DESIGNED_FOR_IPHONE_IPAD = NO;
				SWIFT_APPROACHABLE_CONCURRENCY = YES;
				SWIFT_DEFAULT_ACTOR_ISOLATION = MainActor;
				SWIFT_EMIT_LOC_STRINGS = YES;
				SWIFT_UPCOMING_FEATURE_MEMBER_IMPORT_VISIBILITY = YES;
				SWIFT_VERSION = 5.0;
				TARGETED_DEVICE_FAMILY = 1;
			};
			name = Release;
		};
		472779042EEC003E00601CED /* Debug */ = {
			isa = XCBuildConfiguration;
			buildSettings = {
				BUNDLE_LOADER = "$(TEST_HOST)";
				CODE_SIGN_STYLE = Automatic;
				CURRENT_PROJECT_VERSION = 1;
				DEVELOPMENT_TEAM = USBAK5HKC6;
				GENERATE_INFOPLIST_FILE = YES;
				IPHONEOS_DEPLOYMENT_TARGET = 26.1;
				MARKETING_VERSION = 1.0;
				PRODUCT_BUNDLE_IDENTIFIER = PELSH.CalendarTestTaskTests;
				PRODUCT_NAME = "$(TARGET_NAME)";
				STRING_CATALOG_GENERATE_SYMBOLS = NO;
				SWIFT_APPROACHABLE_CONCURRENCY = YES;
				SWIFT_EMIT_LOC_STRINGS = NO;
				SWIFT_UPCOMING_FEATURE_MEMBER_IMPORT_VISIBILITY = YES;
				SWIFT_VERSION = 5.0;
				TARGETED_DEVICE_FAMILY = "1,2";
				TEST_HOST = "$(BUILT_PRODUCTS_DIR)/CalendarTestTask.app/$(BUNDLE_EXECUTABLE_FOLDER_PATH)/CalendarTestTask";
			};
			name = Debug;
		};
		472779052EEC003E00601CED /* Release */ = {
			isa = XCBuildConfiguration;
			buildSettings = {
				BUNDLE_LOADER = "$(TEST_HOST)";
				CODE_SIGN_STYLE = Automatic;
				CURRENT_PROJECT_VERSION = 1;
				DEVELOPMENT_TEAM = USBAK5HKC6;
				GENERATE_INFOPLIST_FILE = YES;
				IPHONEOS_DEPLOYMENT_TARGET = 26.1;
				MARKETING_VERSION = 1.0;
				PRODUCT_BUNDLE_IDENTIFIER = PELSH.CalendarTestTaskTests;
				PRODUCT_NAME = "$(TARGET_NAME)";
				STRING_CATALOG_GENERATE_SYMBOLS = NO;
				SWIFT_APPROACHABLE_CONCURRENCY = YES;
				SWIFT_EMIT_LOC_STRINGS = NO;
				SWIFT_UPCOMING_FEATURE_MEMBER_IMPORT_VISIBILITY = YES;
				SWIFT_VERSION = 5.0;
				TARGETED_DEVICE_FAMILY = "1,2";
				TEST_HOST = "$(BUILT_PRODUCTS_DIR)/CalendarTestTask.app/$(BUNDLE_EXECUTABLE_FOLDER_PATH)/CalendarTestTask";
			};
			name = Release;
		};
		472779072EEC003E00601CED /* Debug */ = {
			isa = XCBuildConfiguration;
			buildSettings = {
				CODE_SIGN_STYLE = Automatic;
				CURRENT_PROJECT_VERSION = 1;
				DEVELOPMENT_TEAM = USBAK5HKC6;
				GENERATE_INFOPLIST_FILE = YES;
				MARKETING_VERSION = 1.0;
				PRODUCT_BUNDLE_IDENTIFIER = PELSH.CalendarTestTaskUITests;
				PRODUCT_NAME = "$(TARGET_NAME)";
				STRING_CATALOG_GENERATE_SYMBOLS = NO;
				SWIFT_APPROACHABLE_CONCURRENCY = YES;
				SWIFT_EMIT_LOC_STRINGS = NO;
				SWIFT_UPCOMING_FEATURE_MEMBER_IMPORT_VISIBILITY = YES;
				SWIFT_VERSION = 5.0;
				TARGETED_DEVICE_FAMILY = "1,2";
				TEST_TARGET_NAME = CalendarTestTask;
			};
			name = Debug;
		};
		472779082EEC003E00601CED /* Release */ = {
			isa = XCBuildConfiguration;
			buildSettings = {
				CODE_SIGN_STYLE = Automatic;
				CURRENT_PROJECT_VERSION = 1;
				DEVELOPMENT_TEAM = USBAK5HKC6;
				GENERATE_INFOPLIST_FILE = YES;
				MARKETING_VERSION = 1.0;
				PRODUCT_BUNDLE_IDENTIFIER = PELSH.CalendarTestTaskUITests;
				PRODUCT_NAME = "$(TARGET_NAME)";
				STRING_CATALOG_GENERATE_SYMBOLS = NO;
				SWIFT_APPROACHABLE_CONCURRENCY = YES;
				SWIFT_EMIT_LOC_STRINGS = NO;
				SWIFT_UPCOMING_FEATURE_MEMBER_IMPORT_VISIBILITY = YES;
				SWIFT_VERSION = 5.0;
				TARGETED_DEVICE_FAMILY = "1,2";
				TEST_TARGET_NAME = CalendarTestTask;
			};
			name = Release;
		};
/* End XCBuildConfiguration section */

/* Begin XCConfigurationList section */
		472778DA2EEC003900601CED /* Build configuration list for PBXProject "CalendarTestTask" */ = {
			isa = XCConfigurationList;
			buildConfigurations = (
				472778FE2EEC003E00601CED /* Debug */,
				472778FF2EEC003E00601CED /* Release */,
			);
			defaultConfigurationIsVisible = 0;
			defaultConfigurationName = Release;
		};
		472779002EEC003E00601CED /* Build configuration list for PBXNativeTarget "CalendarTestTask" */ = {
			isa = XCConfigurationList;
			buildConfigurations = (
				472779012EEC003E00601CED /* Debug */,
				472779022EEC003E00601CED /* Release */,
			);
			defaultConfigurationIsVisible = 0;
			defaultConfigurationName = Release;
		};
		472779032EEC003E00601CED /* Build configuration list for PBXNativeTarget "CalendarTestTaskTests" */ = {
			isa = XCConfigurationList;
			buildConfigurations = (
				472779042EEC003E00601CED /* Debug */,
				472779052EEC003E00601CED /* Release */,
			);
			defaultConfigurationIsVisible = 0;
			defaultConfigurationName = Release;
		};
		472779062EEC003E00601CED /* Build configuration list for PBXNativeTarget "CalendarTestTaskUITests" */ = {
			isa = XCConfigurationList;
			buildConfigurations = (
				472779072EEC003E00601CED /* Debug */,
				472779082EEC003E00601CED /* Release */,
			);
			defaultConfigurationIsVisible = 0;
			defaultConfigurationName = Release;
		};
/* End XCConfigurationList section */
	};
	rootObject = 472778D72EEC003900601CED /* Project object */;
}
